
Microsoft Visual Studio Solution File, Format Version 12.00
# Visual Studio Version 17
VisualStudioVersion = 17.14.36408.4 d17.14
MinimumVisualStudioVersion = 10.0.40219.1
Project("{FAE04EC0-301F-11D3-BF4B-00C04F79EFBC}") = "OPCWebServer", "OPCWebServer.csproj", "{9EF94B97-5EB0-4B82-A6A9-F0DEF6BD7925}"
EndProject
Global
	GlobalSection(SolutionConfigurationPlatforms) = preSolution
		Debug|Any CPU = Debug|Any CPU
		Release|Any CPU = Release|Any CPU
	EndGlobalSection
	GlobalSection(ProjectConfigurationPlatforms) = postSolution
		{9EF94B97-5EB0-4B82-A6A9-F0DEF6BD7925}.Debug|Any CPU.ActiveCfg = Debug|Any CPU
		{9EF94B97-5EB0-4B82-A6A9-F0DEF6BD7925}.Debug|Any CPU.Build.0 = Debug|Any CPU
		{9EF94B97-5EB0-4B82-A6A9-F0DEF6BD7925}.Release|Any CPU.ActiveCfg = Release|Any CPU
		{9EF94B97-5EB0-4B82-A6A9-F0DEF6BD7925}.Release|Any CPU.Build.0 = Release|Any CPU
	EndGlobalSection
	GlobalSection(SolutionProperties) = preSolution
		HideSolutionNode = FALSE
	EndGlobalSection
	GlobalSection(ExtensibilityGlobals) = postSolution
		SolutionGuid = {84B11C0C-7617-4A7D-9DD1-C86793F7804E}
	EndGlobalSection
EndGlobal
